
Microsoft Visual Studio Solution File, Format Version 12.00
# Visual Studio Version 17
VisualStudioVersion = 17.12.35506.116
MinimumVisualStudioVersion = 10.0.40219.1
Project("{2150E333-8FDC-42A3-9474-1A3956D46DE8}") = "Solution Items", "Solution Items", "{3A2C5F85-3380-44E1-9E46-5F1943136416}"
	ProjectSection(SolutionItems) = preProject
		.gitignore = .gitignore
		.github\workflows\dotnet.yml = .github\workflows\dotnet.yml
		projscan.json = projscan.json
		README.md = README.md
		version.json = version.json
	EndProjectSection
EndProject
Project("{FAE04EC0-301F-11D3-BF4B-00C04F79EFBC}") = "DTOMakerV10.Models", "DTOMakerV10.Models\DTOMakerV10.Models.csproj", "{D9A34EE3-E957-4BD8-9882-39DB8100A03E}"
EndProject
Project("{FAE04EC0-301F-11D3-BF4B-00C04F79EFBC}") = "DTOMakerV10.Tests", "DTOMakerV10.Tests\DTOMakerV10.Tests.csproj", "{A72EDC01-176D-4FDC-B288-10A8446D9B70}"
EndProject
Project("{FAE04EC0-301F-11D3-BF4B-00C04F79EFBC}") = "DTOMakerV10.Models2", "DTOMakerV10.Models2\DTOMakerV10.Models2.csproj", "{8FACCCED-0D13-42D0-989A-329328213839}"
EndProject
Project("{FAE04EC0-301F-11D3-BF4B-00C04F79EFBC}") = "DTOMakerV10.Models3", "DTOMakerV10.Models3\DTOMakerV10.Models3.csproj", "{752009FC-480D-4871-ADFB-24B30022A53A}"
EndProject
Project("{FAE04EC0-301F-11D3-BF4B-00C04F79EFBC}") = "Benchmarks", "Benchmarks\Benchmarks.csproj", "{C6A8B527-F47B-4258-A828-2212C2853391}"
EndProject
Project("{FAE04EC0-301F-11D3-BF4B-00C04F79EFBC}") = "SampleDTO.Basic", "SampleDTO.Basic\SampleDTO.Basic.csproj", "{A6CCD6A3-DFA5-41DC-8AE6-995D6ADD6D74}"
EndProject
Project("{FAE04EC0-301F-11D3-BF4B-00C04F79EFBC}") = "SampleDTO.Shapes", "SampleDTO.Shapes\SampleDTO.Shapes.csproj", "{F0661630-597D-4B56-97F7-4611DD8BC76E}"
EndProject
Project("{FAE04EC0-301F-11D3-BF4B-00C04F79EFBC}") = "SampleDTO.Strings", "SampleDTO.Strings\SampleDTO.Strings.csproj", "{15F1A9DF-1D3E-4969-8085-3BDB125A1EE4}"
EndProject
Project("{FAE04EC0-301F-11D3-BF4B-00C04F79EFBC}") = "Benchmarks.Tests", "Benchmarks.Tests\Benchmarks.Tests.csproj", "{30A5774B-9F0D-4FDA-9A75-B0E2DDBE2EB2}"
EndProject
Project("{FAE04EC0-301F-11D3-BF4B-00C04F79EFBC}") = "SampleDTO.Binary", "SampleDTO.Binary\SampleDTO.Binary.csproj", "{0905A6B4-E4B2-48D4-9208-5065406A9D0A}"
EndProject
Global
	GlobalSection(SolutionConfigurationPlatforms) = preSolution
		Debug|Any CPU = Debug|Any CPU
		Release|Any CPU = Release|Any CPU
	EndGlobalSection
	GlobalSection(ProjectConfigurationPlatforms) = postSolution
		{D9A34EE3-E957-4BD8-9882-39DB8100A03E}.Debug|Any CPU.ActiveCfg = Debug|Any CPU
		{D9A34EE3-E957-4BD8-9882-39DB8100A03E}.Debug|Any CPU.Build.0 = Debug|Any CPU
		{D9A34EE3-E957-4BD8-9882-39DB8100A03E}.Release|Any CPU.ActiveCfg = Release|Any CPU
		{D9A34EE3-E957-4BD8-9882-39DB8100A03E}.Release|Any CPU.Build.0 = Release|Any CPU
		{A72EDC01-176D-4FDC-B288-10A8446D9B70}.Debug|Any CPU.ActiveCfg = Debug|Any CPU
		{A72EDC01-176D-4FDC-B288-10A8446D9B70}.Debug|Any CPU.Build.0 = Debug|Any CPU
		{A72EDC01-176D-4FDC-B288-10A8446D9B70}.Release|Any CPU.ActiveCfg = Release|Any CPU
		{A72EDC01-176D-4FDC-B288-10A8446D9B70}.Release|Any CPU.Build.0 = Release|Any CPU
		{8FACCCED-0D13-42D0-989A-329328213839}.Debug|Any CPU.ActiveCfg = Debug|Any CPU
		{8FACCCED-0D13-42D0-989A-329328213839}.Debug|Any CPU.Build.0 = Debug|Any CPU
		{8FACCCED-0D13-42D0-989A-329328213839}.Release|Any CPU.ActiveCfg = Release|Any CPU
		{8FACCCED-0D13-42D0-989A-329328213839}.Release|Any CPU.Build.0 = Release|Any CPU
		{752009FC-480D-4871-ADFB-24B30022A53A}.Debug|Any CPU.ActiveCfg = Debug|Any CPU
		{752009FC-480D-4871-ADFB-24B30022A53A}.Debug|Any CPU.Build.0 = Debug|Any CPU
		{752009FC-480D-4871-ADFB-24B30022A53A}.Release|Any CPU.ActiveCfg = Release|Any CPU
		{752009FC-480D-4871-ADFB-24B30022A53A}.Release|Any CPU.Build.0 = Release|Any CPU
		{C6A8B527-F47B-4258-A828-2212C2853391}.Debug|Any CPU.ActiveCfg = Debug|Any CPU
		{C6A8B527-F47B-4258-A828-2212C2853391}.Debug|Any CPU.Build.0 = Debug|Any CPU
		{C6A8B527-F47B-4258-A828-2212C2853391}.Release|Any CPU.ActiveCfg = Release|Any CPU
		{C6A8B527-F47B-4258-A828-2212C2853391}.Release|Any CPU.Build.0 = Release|Any CPU
		{A6CCD6A3-DFA5-41DC-8AE6-995D6ADD6D74}.Debug|Any CPU.ActiveCfg = Debug|Any CPU
		{A6CCD6A3-DFA5-41DC-8AE6-995D6ADD6D74}.Debug|Any CPU.Build.0 = Debug|Any CPU
		{A6CCD6A3-DFA5-41DC-8AE6-995D6ADD6D74}.Release|Any CPU.ActiveCfg = Release|Any CPU
		{A6CCD6A3-DFA5-41DC-8AE6-995D6ADD6D74}.Release|Any CPU.Build.0 = Release|Any CPU
		{F0661630-597D-4B56-97F7-4611DD8BC76E}.Debug|Any CPU.ActiveCfg = Debug|Any CPU
		{F0661630-597D-4B56-97F7-4611DD8BC76E}.Debug|Any CPU.Build.0 = Debug|Any CPU
		{F0661630-597D-4B56-97F7-4611DD8BC76E}.Release|Any CPU.ActiveCfg = Release|Any CPU
		{F0661630-597D-4B56-97F7-4611DD8BC76E}.Release|Any CPU.Build.0 = Release|Any CPU
		{15F1A9DF-1D3E-4969-8085-3BDB125A1EE4}.Debug|Any CPU.ActiveCfg = Debug|Any CPU
		{15F1A9DF-1D3E-4969-8085-3BDB125A1EE4}.Debug|Any CPU.Build.0 = Debug|Any CPU
		{15F1A9DF-1D3E-4969-8085-3BDB125A1EE4}.Release|Any CPU.ActiveCfg = Release|Any CPU
		{15F1A9DF-1D3E-4969-8085-3BDB125A1EE4}.Release|Any CPU.Build.0 = Release|Any CPU
		{30A5774B-9F0D-4FDA-9A75-B0E2DDBE2EB2}.Debug|Any CPU.ActiveCfg = Debug|Any CPU
		{30A5774B-9F0D-4FDA-9A75-B0E2DDBE2EB2}.Debug|Any CPU.Build.0 = Debug|Any CPU
		{30A5774B-9F0D-4FDA-9A75-B0E2DDBE2EB2}.Release|Any CPU.ActiveCfg = Release|Any CPU
		{30A5774B-9F0D-4FDA-9A75-B0E2DDBE2EB2}.Release|Any CPU.Build.0 = Release|Any CPU
		{0905A6B4-E4B2-48D4-9208-5065406A9D0A}.Debug|Any CPU.ActiveCfg = Debug|Any CPU
		{0905A6B4-E4B2-48D4-9208-5065406A9D0A}.Debug|Any CPU.Build.0 = Debug|Any CPU
		{0905A6B4-E4B2-48D4-9208-5065406A9D0A}.Release|Any CPU.ActiveCfg = Release|Any CPU
		{0905A6B4-E4B2-48D4-9208-5065406A9D0A}.Release|Any CPU.Build.0 = Release|Any CPU
	EndGlobalSection
	GlobalSection(SolutionProperties) = preSolution
		HideSolutionNode = FALSE
	EndGlobalSection
EndGlobal
